
Microsoft Visual Studio Solution File, Format Version 12.00
# Visual Studio Version 16
Project("{2150E333-8FDC-42A3-9474-1A3956D46DE8}") = "CMakePredefinedTargets", "CMakePredefinedTargets", "{DB8E0473-6449-3BB2-8CA2-DCDB60B4550D}"
EndProject
Project("{2150E333-8FDC-42A3-9474-1A3956D46DE8}") = "GLFW3", "GLFW3", "{36976D29-446B-38D2-9C6B-990DA4F9DA2E}"
EndProject
Project("{2150E333-8FDC-42A3-9474-1A3956D46DE8}") = "Examples", "GLFW3\Examples", "{AF5A57B8-220F-3977-8ACA-DB6309F763CF}"
EndProject
Project("{2150E333-8FDC-42A3-9474-1A3956D46DE8}") = "Tests", "GLFW3\Tests", "{7C458A3A-DA3E-3E28-B866-70EDA6AC2DDE}"
EndProject
Project("{8BC9CEB8-8B4A-11D0-8D11-00A0C91BC942}") = "ALL_BUILD", "ALL_BUILD.vcxproj", "{D9B21987-A704-3DDA-B769-BD28E9AA2209}"
	ProjectSection(ProjectDependencies) = postProject
		{67219F0E-53A1-30EF-841D-251084E45946} = {67219F0E-53A1-30EF-841D-251084E45946}
		{78B1FCC2-7547-3451-86DF-82883258B7A9} = {78B1FCC2-7547-3451-86DF-82883258B7A9}
		{3092C199-39B6-30BA-AA0F-BB2B9976C544} = {3092C199-39B6-30BA-AA0F-BB2B9976C544}
		{23C70280-510E-31BE-B4A6-95541FE248D9} = {23C70280-510E-31BE-B4A6-95541FE248D9}
		{6012CB4C-06FA-36B0-AD1F-E04328816989} = {6012CB4C-06FA-36B0-AD1F-E04328816989}
		{AC9B0DC7-66BE-3093-8D3F-F4F592E818F3} = {AC9B0DC7-66BE-3093-8D3F-F4F592E818F3}
		{E3C456B7-510D-3A8E-AB77-2ED84F564965} = {E3C456B7-510D-3A8E-AB77-2ED84F564965}
		{323414A6-19AA-32D0-A40D-152C95C186D4} = {323414A6-19AA-32D0-A40D-152C95C186D4}
		{A05B0DE2-36B0-3CE4-9889-1C2DC6FE4F7D} = {A05B0DE2-36B0-3CE4-9889-1C2DC6FE4F7D}
		{39BAE650-74EE-3BD2-B87C-FEE282822F58} = {39BAE650-74EE-3BD2-B87C-FEE282822F58}
		{B9E7E46C-4516-3175-A8AC-ACE1F1F8E487} = {B9E7E46C-4516-3175-A8AC-ACE1F1F8E487}
		{BBB15916-F467-39BE-9C00-6766A05F4FA6} = {BBB15916-F467-39BE-9C00-6766A05F4FA6}
		{9F5F4ADB-7659-3168-B6C8-A6DCC1C3B66A} = {9F5F4ADB-7659-3168-B6C8-A6DCC1C3B66A}
		{447D064B-9F72-3707-ADC1-5A863F18FDBF} = {447D064B-9F72-3707-ADC1-5A863F18FDBF}
		{8785E291-7F68-345D-8699-700D2C06A0E7} = {8785E291-7F68-345D-8699-700D2C06A0E7}
		{DFBF10BD-4DE7-3971-B879-05CA2B56E767} = {DFBF10BD-4DE7-3971-B879-05CA2B56E767}
		{2B83C57E-6345-3BCF-9042-8727F8036570} = {2B83C57E-6345-3BCF-9042-8727F8036570}
		{10ABCC24-2C3D-3EAB-84BD-BF64FCE47AAE} = {10ABCC24-2C3D-3EAB-84BD-BF64FCE47AAE}
		{44C9137B-A191-36DD-BCCB-51B554B097A1} = {44C9137B-A191-36DD-BCCB-51B554B097A1}
		{B29F110B-5AD1-32D9-96F7-611999014424} = {B29F110B-5AD1-32D9-96F7-611999014424}
		{EE324AA2-F353-33BE-A9F8-A315293003C9} = {EE324AA2-F353-33BE-A9F8-A315293003C9}
		{5E99E2DE-2499-3B5E-B7CC-10EFC60B0052} = {5E99E2DE-2499-3B5E-B7CC-10EFC60B0052}
		{698D3496-A336-3962-81F7-FF6A9363CA77} = {698D3496-A336-3962-81F7-FF6A9363CA77}
		{6093F909-B30B-3277-B0B1-E9682CF46F5A} = {6093F909-B30B-3277-B0B1-E9682CF46F5A}
		{08B4423D-3874-370F-854D-1985EB7F9653} = {08B4423D-3874-370F-854D-1985EB7F9653}
		{19F97EC6-F749-38C7-BD05-0F1FE118B9F6} = {19F97EC6-F749-38C7-BD05-0F1FE118B9F6}
		{CEACEED9-647C-393D-834E-F306FA8824B5} = {CEACEED9-647C-393D-834E-F306FA8824B5}
		{9E9E0C30-6BA5-3135-B1E8-3C44B4093BB0} = {9E9E0C30-6BA5-3135-B1E8-3C44B4093BB0}
		{4D29D1D4-E990-3C51-BC2A-99C7C1885044} = {4D29D1D4-E990-3C51-BC2A-99C7C1885044}
		{A3307381-AD92-3338-880D-880C0BBCA32C} = {A3307381-AD92-3338-880D-880C0BBCA32C}
		{2C61A79C-9015-3DF7-9976-1A3933A83CEB} = {2C61A79C-9015-3DF7-9976-1A3933A83CEB}
	EndProjectSection
EndProject
Project("{8BC9CEB8-8B4A-11D0-8D11-00A0C91BC942}") = "INSTALL", "INSTALL.vcxproj", "{A3CAE203-3DC5-31F4-86E5-57E8AE848D26}"
	ProjectSection(ProjectDependencies) = postProject
		{D9B21987-A704-3DDA-B769-BD28E9AA2209} = {D9B21987-A704-3DDA-B769-BD28E9AA2209}
		{67219F0E-53A1-30EF-841D-251084E45946} = {67219F0E-53A1-30EF-841D-251084E45946}
	EndProjectSection
EndProject
Project("{8BC9CEB8-8B4A-11D0-8D11-00A0C91BC942}") = "ZERO_CHECK", "ZERO_CHECK.vcxproj", "{67219F0E-53A1-30EF-841D-251084E45946}"
	ProjectSection(ProjectDependencies) = postProject
	EndProjectSection
EndProject
Project("{8BC9CEB8-8B4A-11D0-8D11-00A0C91BC942}") = "boing", "examples\boing.vcxproj", "{78B1FCC2-7547-3451-86DF-82883258B7A9}"
	ProjectSection(ProjectDependencies) = postProject
		{67219F0E-53A1-30EF-841D-251084E45946} = {67219F0E-53A1-30EF-841D-251084E45946}
		{A05B0DE2-36B0-3CE4-9889-1C2DC6FE4F7D} = {A05B0DE2-36B0-3CE4-9889-1C2DC6FE4F7D}
	EndProjectSection
EndProject
Project("{8BC9CEB8-8B4A-11D0-8D11-00A0C91BC942}") = "clipboard", "tests\clipboard.vcxproj", "{3092C199-39B6-30BA-AA0F-BB2B9976C544}"
	ProjectSection(ProjectDependencies) = postProject
		{67219F0E-53A1-30EF-841D-251084E45946} = {67219F0E-53A1-30EF-841D-251084E45946}
		{A05B0DE2-36B0-3CE4-9889-1C2DC6FE4F7D} = {A05B0DE2-36B0-3CE4-9889-1C2DC6FE4F7D}
	EndProjectSection
EndProject
Project("{8BC9CEB8-8B4A-11D0-8D11-00A0C91BC942}") = "cursor", "tests\cursor.vcxproj", "{23C70280-510E-31BE-B4A6-95541FE248D9}"
	ProjectSection(ProjectDependencies) = postProject
		{67219F0E-53A1-30EF-841D-251084E45946} = {67219F0E-53A1-30EF-841D-251084E45946}
		{A05B0DE2-36B0-3CE4-9889-1C2DC6FE4F7D} = {A05B0DE2-36B0-3CE4-9889-1C2DC6FE4F7D}
	EndProjectSection
EndProject
Project("{8BC9CEB8-8B4A-11D0-8D11-00A0C91BC942}") = "empty", "tests\empty.vcxproj", "{6012CB4C-06FA-36B0-AD1F-E04328816989}"
	ProjectSection(ProjectDependencies) = postProject
		{67219F0E-53A1-30EF-841D-251084E45946} = {67219F0E-53A1-30EF-841D-251084E45946}
		{A05B0DE2-36B0-3CE4-9889-1C2DC6FE4F7D} = {A05B0DE2-36B0-3CE4-9889-1C2DC6FE4F7D}
	EndProjectSection
EndProject
Project("{8BC9CEB8-8B4A-11D0-8D11-00A0C91BC942}") = "events", "tests\events.vcxproj", "{AC9B0DC7-66BE-3093-8D3F-F4F592E818F3}"
	ProjectSection(ProjectDependencies) = postProject
		{67219F0E-53A1-30EF-841D-251084E45946} = {67219F0E-53A1-30EF-841D-251084E45946}
		{A05B0DE2-36B0-3CE4-9889-1C2DC6FE4F7D} = {A05B0DE2-36B0-3CE4-9889-1C2DC6FE4F7D}
	EndProjectSection
EndProject
Project("{8BC9CEB8-8B4A-11D0-8D11-00A0C91BC942}") = "gamma", "tests\gamma.vcxproj", "{E3C456B7-510D-3A8E-AB77-2ED84F564965}"
	ProjectSection(ProjectDependencies) = postProject
		{67219F0E-53A1-30EF-841D-251084E45946} = {67219F0E-53A1-30EF-841D-251084E45946}
		{A05B0DE2-36B0-3CE4-9889-1C2DC6FE4F7D} = {A05B0DE2-36B0-3CE4-9889-1C2DC6FE4F7D}
	EndProjectSection
EndProject
Project("{8BC9CEB8-8B4A-11D0-8D11-00A0C91BC942}") = "gears", "examples\gears.vcxproj", "{323414A6-19AA-32D0-A40D-152C95C186D4}"
	ProjectSection(ProjectDependencies) = postProject
		{67219F0E-53A1-30EF-841D-251084E45946} = {67219F0E-53A1-30EF-841D-251084E45946}
		{A05B0DE2-36B0-3CE4-9889-1C2DC6FE4F7D} = {A05B0DE2-36B0-3CE4-9889-1C2DC6FE4F7D}
	EndProjectSection
EndProject
Project("{8BC9CEB8-8B4A-11D0-8D11-00A0C91BC942}") = "glfw", "src\glfw.vcxproj", "{A05B0DE2-36B0-3CE4-9889-1C2DC6FE4F7D}"
	ProjectSection(ProjectDependencies) = postProject
		{67219F0E-53A1-30EF-841D-251084E45946} = {67219F0E-53A1-30EF-841D-251084E45946}
	EndProjectSection
EndProject
Project("{8BC9CEB8-8B4A-11D0-8D11-00A0C91BC942}") = "glfwinfo", "tests\glfwinfo.vcxproj", "{39BAE650-74EE-3BD2-B87C-FEE282822F58}"
	ProjectSection(ProjectDependencies) = postProject
		{67219F0E-53A1-30EF-841D-251084E45946} = {67219F0E-53A1-30EF-841D-251084E45946}
		{A05B0DE2-36B0-3CE4-9889-1C2DC6FE4F7D} = {A05B0DE2-36B0-3CE4-9889-1C2DC6FE4F7D}
	EndProjectSection
EndProject
Project("{8BC9CEB8-8B4A-11D0-8D11-00A0C91BC942}") = "heightmap", "examples\heightmap.vcxproj", "{B9E7E46C-4516-3175-A8AC-ACE1F1F8E487}"
	ProjectSection(ProjectDependencies) = postProject
		{67219F0E-53A1-30EF-841D-251084E45946} = {67219F0E-53A1-30EF-841D-251084E45946}
		{A05B0DE2-36B0-3CE4-9889-1C2DC6FE4F7D} = {A05B0DE2-36B0-3CE4-9889-1C2DC6FE4F7D}
	EndProjectSection
EndProject
Project("{8BC9CEB8-8B4A-11D0-8D11-00A0C91BC942}") = "icon", "tests\icon.vcxproj", "{BBB15916-F467-39BE-9C00-6766A05F4FA6}"
	ProjectSection(ProjectDependencies) = postProject
		{67219F0E-53A1-30EF-841D-251084E45946} = {67219F0E-53A1-30EF-841D-251084E45946}
		{A05B0DE2-36B0-3CE4-9889-1C2DC6FE4F7D} = {A05B0DE2-36B0-3CE4-9889-1C2DC6FE4F7D}
	EndProjectSection
EndProject
Project("{8BC9CEB8-8B4A-11D0-8D11-00A0C91BC942}") = "iconify", "tests\iconify.vcxproj", "{9F5F4ADB-7659-3168-B6C8-A6DCC1C3B66A}"
	ProjectSection(ProjectDependencies) = postProject
		{67219F0E-53A1-30EF-841D-251084E45946} = {67219F0E-53A1-30EF-841D-251084E45946}
		{A05B0DE2-36B0-3CE4-9889-1C2DC6FE4F7D} = {A05B0DE2-36B0-3CE4-9889-1C2DC6FE4F7D}
	EndProjectSection
EndProject
Project("{8BC9CEB8-8B4A-11D0-8D11-00A0C91BC942}") = "inputlag", "tests\inputlag.vcxproj", "{447D064B-9F72-3707-ADC1-5A863F18FDBF}"
	ProjectSection(ProjectDependencies) = postProject
		{67219F0E-53A1-30EF-841D-251084E45946} = {67219F0E-53A1-30EF-841D-251084E45946}
		{A05B0DE2-36B0-3CE4-9889-1C2DC6FE4F7D} = {A05B0DE2-36B0-3CE4-9889-1C2DC6FE4F7D}
	EndProjectSection
EndProject
Project("{8BC9CEB8-8B4A-11D0-8D11-00A0C91BC942}") = "joysticks", "tests\joysticks.vcxproj", "{8785E291-7F68-345D-8699-700D2C06A0E7}"
	ProjectSection(ProjectDependencies) = postProject
		{67219F0E-53A1-30EF-841D-251084E45946} = {67219F0E-53A1-30EF-841D-251084E45946}
		{A05B0DE2-36B0-3CE4-9889-1C2DC6FE4F7D} = {A05B0DE2-36B0-3CE4-9889-1C2DC6FE4F7D}
	EndProjectSection
EndProject
Project("{8BC9CEB8-8B4A-11D0-8D11-00A0C91BC942}") = "monitors", "tests\monitors.vcxproj", "{DFBF10BD-4DE7-3971-B879-05CA2B56E767}"
	ProjectSection(ProjectDependencies) = postProject
		{67219F0E-53A1-30EF-841D-251084E45946} = {67219F0E-53A1-30EF-841D-251084E45946}
		{A05B0DE2-36B0-3CE4-9889-1C2DC6FE4F7D} = {A05B0DE2-36B0-3CE4-9889-1C2DC6FE4F7D}
	EndProjectSection
EndProject
Project("{8BC9CEB8-8B4A-11D0-8D11-00A0C91BC942}") = "msaa", "tests\msaa.vcxproj", "{2B83C57E-6345-3BCF-9042-8727F8036570}"
	ProjectSection(ProjectDependencies) = postProject
		{67219F0E-53A1-30EF-841D-251084E45946} = {67219F0E-53A1-30EF-841D-251084E45946}
		{A05B0DE2-36B0-3CE4-9889-1C2DC6FE4F7D} = {A05B0DE2-36B0-3CE4-9889-1C2DC6FE4F7D}
	EndProjectSection
EndProject
Project("{8BC9CEB8-8B4A-11D0-8D11-00A0C91BC942}") = "offscreen", "examples\offscreen.vcxproj", "{10ABCC24-2C3D-3EAB-84BD-BF64FCE47AAE}"
	ProjectSection(ProjectDependencies) = postProject
		{67219F0E-53A1-30EF-841D-251084E45946} = {67219F0E-53A1-30EF-841D-251084E45946}
		{A05B0DE2-36B0-3CE4-9889-1C2DC6FE4F7D} = {A05B0DE2-36B0-3CE4-9889-1C2DC6FE4F7D}
	EndProjectSection
EndProject
Project("{8BC9CEB8-8B4A-11D0-8D11-00A0C91BC942}") = "opacity", "tests\opacity.vcxproj", "{44C9137B-A191-36DD-BCCB-51B554B097A1}"
	ProjectSection(ProjectDependencies) = postProject
		{67219F0E-53A1-30EF-841D-251084E45946} = {67219F0E-53A1-30EF-841D-251084E45946}
		{A05B0DE2-36B0-3CE4-9889-1C2DC6FE4F7D} = {A05B0DE2-36B0-3CE4-9889-1C2DC6FE4F7D}
	EndProjectSection
EndProject
Project("{8BC9CEB8-8B4A-11D0-8D11-00A0C91BC942}") = "particles", "examples\particles.vcxproj", "{B29F110B-5AD1-32D9-96F7-611999014424}"
	ProjectSection(ProjectDependencies) = postProject
		{67219F0E-53A1-30EF-841D-251084E45946} = {67219F0E-53A1-30EF-841D-251084E45946}
		{A05B0DE2-36B0-3CE4-9889-1C2DC6FE4F7D} = {A05B0DE2-36B0-3CE4-9889-1C2DC6FE4F7D}
	EndProjectSection
EndProject
Project("{8BC9CEB8-8B4A-11D0-8D11-00A0C91BC942}") = "reopen", "tests\reopen.vcxproj", "{EE324AA2-F353-33BE-A9F8-A315293003C9}"
	ProjectSection(ProjectDependencies) = postProject
		{67219F0E-53A1-30EF-841D-251084E45946} = {67219F0E-53A1-30EF-841D-251084E45946}
		{A05B0DE2-36B0-3CE4-9889-1C2DC6FE4F7D} = {A05B0DE2-36B0-3CE4-9889-1C2DC6FE4F7D}
	EndProjectSection
EndProject
Project("{8BC9CEB8-8B4A-11D0-8D11-00A0C91BC942}") = "sharing", "examples\sharing.vcxproj", "{5E99E2DE-2499-3B5E-B7CC-10EFC60B0052}"
	ProjectSection(ProjectDependencies) = postProject
		{67219F0E-53A1-30EF-841D-251084E45946} = {67219F0E-53A1-30EF-841D-251084E45946}
		{A05B0DE2-36B0-3CE4-9889-1C2DC6FE4F7D} = {A05B0DE2-36B0-3CE4-9889-1C2DC6FE4F7D}
	EndProjectSection
EndProject
Project("{8BC9CEB8-8B4A-11D0-8D11-00A0C91BC942}") = "simple", "examples\simple.vcxproj", "{698D3496-A336-3962-81F7-FF6A9363CA77}"
	ProjectSection(ProjectDependencies) = postProject
		{67219F0E-53A1-30EF-841D-251084E45946} = {67219F0E-53A1-30EF-841D-251084E45946}
		{A05B0DE2-36B0-3CE4-9889-1C2DC6FE4F7D} = {A05B0DE2-36B0-3CE4-9889-1C2DC6FE4F7D}
	EndProjectSection
EndProject
Project("{8BC9CEB8-8B4A-11D0-8D11-00A0C91BC942}") = "splitview", "examples\splitview.vcxproj", "{6093F909-B30B-3277-B0B1-E9682CF46F5A}"
	ProjectSection(ProjectDependencies) = postProject
		{67219F0E-53A1-30EF-841D-251084E45946} = {67219F0E-53A1-30EF-841D-251084E45946}
		{A05B0DE2-36B0-3CE4-9889-1C2DC6FE4F7D} = {A05B0DE2-36B0-3CE4-9889-1C2DC6FE4F7D}
	EndProjectSection
EndProject
Project("{8BC9CEB8-8B4A-11D0-8D11-00A0C91BC942}") = "tearing", "tests\tearing.vcxproj", "{08B4423D-3874-370F-854D-1985EB7F9653}"
	ProjectSection(ProjectDependencies) = postProject
		{67219F0E-53A1-30EF-841D-251084E45946} = {67219F0E-53A1-30EF-841D-251084E45946}
		{A05B0DE2-36B0-3CE4-9889-1C2DC6FE4F7D} = {A05B0DE2-36B0-3CE4-9889-1C2DC6FE4F7D}
	EndProjectSection
EndProject
Project("{8BC9CEB8-8B4A-11D0-8D11-00A0C91BC942}") = "threads", "tests\threads.vcxproj", "{19F97EC6-F749-38C7-BD05-0F1FE118B9F6}"
	ProjectSection(ProjectDependencies) = postProject
		{67219F0E-53A1-30EF-841D-251084E45946} = {67219F0E-53A1-30EF-841D-251084E45946}
		{A05B0DE2-36B0-3CE4-9889-1C2DC6FE4F7D} = {A05B0DE2-36B0-3CE4-9889-1C2DC6FE4F7D}
	EndProjectSection
EndProject
Project("{8BC9CEB8-8B4A-11D0-8D11-00A0C91BC942}") = "timeout", "tests\timeout.vcxproj", "{CEACEED9-647C-393D-834E-F306FA8824B5}"
	ProjectSection(ProjectDependencies) = postProject
		{67219F0E-53A1-30EF-841D-251084E45946} = {67219F0E-53A1-30EF-841D-251084E45946}
		{A05B0DE2-36B0-3CE4-9889-1C2DC6FE4F7D} = {A05B0DE2-36B0-3CE4-9889-1C2DC6FE4F7D}
	EndProjectSection
EndProject
Project("{8BC9CEB8-8B4A-11D0-8D11-00A0C91BC942}") = "title", "tests\title.vcxproj", "{9E9E0C30-6BA5-3135-B1E8-3C44B4093BB0}"
	ProjectSection(ProjectDependencies) = postProject
		{67219F0E-53A1-30EF-841D-251084E45946} = {67219F0E-53A1-30EF-841D-251084E45946}
		{A05B0DE2-36B0-3CE4-9889-1C2DC6FE4F7D} = {A05B0DE2-36B0-3CE4-9889-1C2DC6FE4F7D}
	EndProjectSection
EndProject
Project("{8BC9CEB8-8B4A-11D0-8D11-00A0C91BC942}") = "triangle-vulkan", "tests\triangle-vulkan.vcxproj", "{4D29D1D4-E990-3C51-BC2A-99C7C1885044}"
	ProjectSection(ProjectDependencies) = postProject
		{67219F0E-53A1-30EF-841D-251084E45946} = {67219F0E-53A1-30EF-841D-251084E45946}
		{A05B0DE2-36B0-3CE4-9889-1C2DC6FE4F7D} = {A05B0DE2-36B0-3CE4-9889-1C2DC6FE4F7D}
	EndProjectSection
EndProject
Project("{8BC9CEB8-8B4A-11D0-8D11-00A0C91BC942}") = "uninstall", "uninstall.vcxproj", "{4639EC3B-AEB3-3EAC-A636-99A78CA15C54}"
	ProjectSection(ProjectDependencies) = postProject
		{67219F0E-53A1-30EF-841D-251084E45946} = {67219F0E-53A1-30EF-841D-251084E45946}
	EndProjectSection
EndProject
Project("{8BC9CEB8-8B4A-11D0-8D11-00A0C91BC942}") = "wave", "examples\wave.vcxproj", "{A3307381-AD92-3338-880D-880C0BBCA32C}"
	ProjectSection(ProjectDependencies) = postProject
		{67219F0E-53A1-30EF-841D-251084E45946} = {67219F0E-53A1-30EF-841D-251084E45946}
		{A05B0DE2-36B0-3CE4-9889-1C2DC6FE4F7D} = {A05B0DE2-36B0-3CE4-9889-1C2DC6FE4F7D}
	EndProjectSection
EndProject
Project("{8BC9CEB8-8B4A-11D0-8D11-00A0C91BC942}") = "windows", "tests\windows.vcxproj", "{2C61A79C-9015-3DF7-9976-1A3933A83CEB}"
	ProjectSection(ProjectDependencies) = postProject
		{67219F0E-53A1-30EF-841D-251084E45946} = {67219F0E-53A1-30EF-841D-251084E45946}
		{A05B0DE2-36B0-3CE4-9889-1C2DC6FE4F7D} = {A05B0DE2-36B0-3CE4-9889-1C2DC6FE4F7D}
	EndProjectSection
EndProject
Global
	GlobalSection(SolutionConfigurationPlatforms) = preSolution
		Debug|x64 = Debug|x64
		Release|x64 = Release|x64
		MinSizeRel|x64 = MinSizeRel|x64
		RelWithDebInfo|x64 = RelWithDebInfo|x64
	EndGlobalSection
	GlobalSection(ProjectConfigurationPlatforms) = postSolution
		{D9B21987-A704-3DDA-B769-BD28E9AA2209}.Debug|x64.ActiveCfg = Debug|x64
		{D9B21987-A704-3DDA-B769-BD28E9AA2209}.Debug|x64.Build.0 = Debug|x64
		{D9B21987-A704-3DDA-B769-BD28E9AA2209}.Release|x64.ActiveCfg = Release|x64
		{D9B21987-A704-3DDA-B769-BD28E9AA2209}.Release|x64.Build.0 = Release|x64
		{D9B21987-A704-3DDA-B769-BD28E9AA2209}.MinSizeRel|x64.ActiveCfg = MinSizeRel|x64
		{D9B21987-A704-3DDA-B769-BD28E9AA2209}.MinSizeRel|x64.Build.0 = MinSizeRel|x64
		{D9B21987-A704-3DDA-B769-BD28E9AA2209}.RelWithDebInfo|x64.ActiveCfg = RelWithDebInfo|x64
		{D9B21987-A704-3DDA-B769-BD28E9AA2209}.RelWithDebInfo|x64.Build.0 = RelWithDebInfo|x64
		{A3CAE203-3DC5-31F4-86E5-57E8AE848D26}.Debug|x64.ActiveCfg = Debug|x64
		{A3CAE203-3DC5-31F4-86E5-57E8AE848D26}.Release|x64.ActiveCfg = Release|x64
		{A3CAE203-3DC5-31F4-86E5-57E8AE848D26}.MinSizeRel|x64.ActiveCfg = MinSizeRel|x64
		{A3CAE203-3DC5-31F4-86E5-57E8AE848D26}.RelWithDebInfo|x64.ActiveCfg = RelWithDebInfo|x64
		{67219F0E-53A1-30EF-841D-251084E45946}.Debug|x64.ActiveCfg = Debug|x64
		{67219F0E-53A1-30EF-841D-251084E45946}.Debug|x64.Build.0 = Debug|x64
		{67219F0E-53A1-30EF-841D-251084E45946}.Release|x64.ActiveCfg = Release|x64
		{67219F0E-53A1-30EF-841D-251084E45946}.Release|x64.Build.0 = Release|x64
		{67219F0E-53A1-30EF-841D-251084E45946}.MinSizeRel|x64.ActiveCfg = MinSizeRel|x64
		{67219F0E-53A1-30EF-841D-251084E45946}.MinSizeRel|x64.Build.0 = MinSizeRel|x64
		{67219F0E-53A1-30EF-841D-251084E45946}.RelWithDebInfo|x64.ActiveCfg = RelWithDebInfo|x64
		{67219F0E-53A1-30EF-841D-251084E45946}.RelWithDebInfo|x64.Build.0 = RelWithDebInfo|x64
		{78B1FCC2-7547-3451-86DF-82883258B7A9}.Debug|x64.ActiveCfg = Debug|x64
		{78B1FCC2-7547-3451-86DF-82883258B7A9}.Debug|x64.Build.0 = Debug|x64
		{78B1FCC2-7547-3451-86DF-82883258B7A9}.Release|x64.ActiveCfg = Release|x64
		{78B1FCC2-7547-3451-86DF-82883258B7A9}.Release|x64.Build.0 = Release|x64
		{78B1FCC2-7547-3451-86DF-82883258B7A9}.MinSizeRel|x64.ActiveCfg = MinSizeRel|x64
		{78B1FCC2-7547-3451-86DF-82883258B7A9}.MinSizeRel|x64.Build.0 = MinSizeRel|x64
		{78B1FCC2-7547-3451-86DF-82883258B7A9}.RelWithDebInfo|x64.ActiveCfg = RelWithDebInfo|x64
		{78B1FCC2-7547-3451-86DF-82883258B7A9}.RelWithDebInfo|x64.Build.0 = RelWithDebInfo|x64
		{3092C199-39B6-30BA-AA0F-BB2B9976C544}.Debug|x64.ActiveCfg = Debug|x64
		{3092C199-39B6-30BA-AA0F-BB2B9976C544}.Debug|x64.Build.0 = Debug|x64
		{3092C199-39B6-30BA-AA0F-BB2B9976C544}.Release|x64.ActiveCfg = Release|x64
		{3092C199-39B6-30BA-AA0F-BB2B9976C544}.Release|x64.Build.0 = Release|x64
		{3092C199-39B6-30BA-AA0F-BB2B9976C544}.MinSizeRel|x64.ActiveCfg = MinSizeRel|x64
		{3092C199-39B6-30BA-AA0F-BB2B9976C544}.MinSizeRel|x64.Build.0 = MinSizeRel|x64
		{3092C199-39B6-30BA-AA0F-BB2B9976C544}.RelWithDebInfo|x64.ActiveCfg = RelWithDebInfo|x64
		{3092C199-39B6-30BA-AA0F-BB2B9976C544}.RelWithDebInfo|x64.Build.0 = RelWithDebInfo|x64
		{23C70280-510E-31BE-B4A6-95541FE248D9}.Debug|x64.ActiveCfg = Debug|x64
		{23C70280-510E-31BE-B4A6-95541FE248D9}.Debug|x64.Build.0 = Debug|x64
		{23C70280-510E-31BE-B4A6-95541FE248D9}.Release|x64.ActiveCfg = Release|x64
		{23C70280-510E-31BE-B4A6-95541FE248D9}.Release|x64.Build.0 = Release|x64
		{23C70280-510E-31BE-B4A6-95541FE248D9}.MinSizeRel|x64.ActiveCfg = MinSizeRel|x64
		{23C70280-510E-31BE-B4A6-95541FE248D9}.MinSizeRel|x64.Build.0 = MinSizeRel|x64
		{23C70280-510E-31BE-B4A6-95541FE248D9}.RelWithDebInfo|x64.ActiveCfg = RelWithDebInfo|x64
		{23C70280-510E-31BE-B4A6-95541FE248D9}.RelWithDebInfo|x64.Build.0 = RelWithDebInfo|x64
		{6012CB4C-06FA-36B0-AD1F-E04328816989}.Debug|x64.ActiveCfg = Debug|x64
		{6012CB4C-06FA-36B0-AD1F-E04328816989}.Debug|x64.Build.0 = Debug|x64
		{6012CB4C-06FA-36B0-AD1F-E04328816989}.Release|x64.ActiveCfg = Release|x64
		{6012CB4C-06FA-36B0-AD1F-E04328816989}.Release|x64.Build.0 = Release|x64
		{6012CB4C-06FA-36B0-AD1F-E04328816989}.MinSizeRel|x64.ActiveCfg = MinSizeRel|x64
		{6012CB4C-06FA-36B0-AD1F-E04328816989}.MinSizeRel|x64.Build.0 = MinSizeRel|x64
		{6012CB4C-06FA-36B0-AD1F-E04328816989}.RelWithDebInfo|x64.ActiveCfg = RelWithDebInfo|x64
		{6012CB4C-06FA-36B0-AD1F-E04328816989}.RelWithDebInfo|x64.Build.0 = RelWithDebInfo|x64
		{AC9B0DC7-66BE-3093-8D3F-F4F592E818F3}.Debug|x64.ActiveCfg = Debug|x64
		{AC9B0DC7-66BE-3093-8D3F-F4F592E818F3}.Debug|x64.Build.0 = Debug|x64
		{AC9B0DC7-66BE-3093-8D3F-F4F592E818F3}.Release|x64.ActiveCfg = Release|x64
		{AC9B0DC7-66BE-3093-8D3F-F4F592E818F3}.Release|x64.Build.0 = Release|x64
		{AC9B0DC7-66BE-3093-8D3F-F4F592E818F3}.MinSizeRel|x64.ActiveCfg = MinSizeRel|x64
		{AC9B0DC7-66BE-3093-8D3F-F4F592E818F3}.MinSizeRel|x64.Build.0 = MinSizeRel|x64
		{AC9B0DC7-66BE-3093-8D3F-F4F592E818F3}.RelWithDebInfo|x64.ActiveCfg = RelWithDebInfo|x64
		{AC9B0DC7-66BE-3093-8D3F-F4F592E818F3}.RelWithDebInfo|x64.Build.0 = RelWithDebInfo|x64
		{E3C456B7-510D-3A8E-AB77-2ED84F564965}.Debug|x64.ActiveCfg = Debug|x64
		{E3C456B7-510D-3A8E-AB77-2ED84F564965}.Debug|x64.Build.0 = Debug|x64
		{E3C456B7-510D-3A8E-AB77-2ED84F564965}.Release|x64.ActiveCfg = Release|x64
		{E3C456B7-510D-3A8E-AB77-2ED84F564965}.Release|x64.Build.0 = Release|x64
		{E3C456B7-510D-3A8E-AB77-2ED84F564965}.MinSizeRel|x64.ActiveCfg = MinSizeRel|x64
		{E3C456B7-510D-3A8E-AB77-2ED84F564965}.MinSizeRel|x64.Build.0 = MinSizeRel|x64
		{E3C456B7-510D-3A8E-AB77-2ED84F564965}.RelWithDebInfo|x64.ActiveCfg = RelWithDebInfo|x64
		{E3C456B7-510D-3A8E-AB77-2ED84F564965}.RelWithDebInfo|x64.Build.0 = RelWithDebInfo|x64
		{323414A6-19AA-32D0-A40D-152C95C186D4}.Debug|x64.ActiveCfg = Debug|x64
		{323414A6-19AA-32D0-A40D-152C95C186D4}.Debug|x64.Build.0 = Debug|x64
		{323414A6-19AA-32D0-A40D-152C95C186D4}.Release|x64.ActiveCfg = Release|x64
		{323414A6-19AA-32D0-A40D-152C95C186D4}.Release|x64.Build.0 = Release|x64
		{323414A6-19AA-32D0-A40D-152C95C186D4}.MinSizeRel|x64.ActiveCfg = MinSizeRel|x64
		{323414A6-19AA-32D0-A40D-152C95C186D4}.MinSizeRel|x64.Build.0 = MinSizeRel|x64
		{323414A6-19AA-32D0-A40D-152C95C186D4}.RelWithDebInfo|x64.ActiveCfg = RelWithDebInfo|x64
		{323414A6-19AA-32D0-A40D-152C95C186D4}.RelWithDebInfo|x64.Build.0 = RelWithDebInfo|x64
		{A05B0DE2-36B0-3CE4-9889-1C2DC6FE4F7D}.Debug|x64.ActiveCfg = Debug|x64
		{A05B0DE2-36B0-3CE4-9889-1C2DC6FE4F7D}.Debug|x64.Build.0 = Debug|x64
		{A05B0DE2-36B0-3CE4-9889-1C2DC6FE4F7D}.Release|x64.ActiveCfg = Release|x64
		{A05B0DE2-36B0-3CE4-9889-1C2DC6FE4F7D}.Release|x64.Build.0 = Release|x64
		{A05B0DE2-36B0-3CE4-9889-1C2DC6FE4F7D}.MinSizeRel|x64.ActiveCfg = MinSizeRel|x64
		{A05B0DE2-36B0-3CE4-9889-1C2DC6FE4F7D}.MinSizeRel|x64.Build.0 = MinSizeRel|x64
		{A05B0DE2-36B0-3CE4-9889-1C2DC6FE4F7D}.RelWithDebInfo|x64.ActiveCfg = RelWithDebInfo|x64
		{A05B0DE2-36B0-3CE4-9889-1C2DC6FE4F7D}.RelWithDebInfo|x64.Build.0 = RelWithDebInfo|x64
		{39BAE650-74EE-3BD2-B87C-FEE282822F58}.Debug|x64.ActiveCfg = Debug|x64
		{39BAE650-74EE-3BD2-B87C-FEE282822F58}.Debug|x64.Build.0 = Debug|x64
		{39BAE650-74EE-3BD2-B87C-FEE282822F58}.Release|x64.ActiveCfg = Release|x64
		{39BAE650-74EE-3BD2-B87C-FEE282822F58}.Release|x64.Build.0 = Release|x64
		{39BAE650-74EE-3BD2-B87C-FEE282822F58}.MinSizeRel|x64.ActiveCfg = MinSizeRel|x64
		{39BAE650-74EE-3BD2-B87C-FEE282822F58}.MinSizeRel|x64.Build.0 = MinSizeRel|x64
		{39BAE650-74EE-3BD2-B87C-FEE282822F58}.RelWithDebInfo|x64.ActiveCfg = RelWithDebInfo|x64
		{39BAE650-74EE-3BD2-B87C-FEE282822F58}.RelWithDebInfo|x64.Build.0 = RelWithDebInfo|x64
		{B9E7E46C-4516-3175-A8AC-ACE1F1F8E487}.Debug|x64.ActiveCfg = Debug|x64
		{B9E7E46C-4516-3175-A8AC-ACE1F1F8E487}.Debug|x64.Build.0 = Debug|x64
		{B9E7E46C-4516-3175-A8AC-ACE1F1F8E487}.Release|x64.ActiveCfg = Release|x64
		{B9E7E46C-4516-3175-A8AC-ACE1F1F8E487}.Release|x64.Build.0 = Release|x64
		{B9E7E46C-4516-3175-A8AC-ACE1F1F8E487}.MinSizeRel|x64.ActiveCfg = MinSizeRel|x64
		{B9E7E46C-4516-3175-A8AC-ACE1F1F8E487}.MinSizeRel|x64.Build.0 = MinSizeRel|x64
		{B9E7E46C-4516-3175-A8AC-ACE1F1F8E487}.RelWithDebInfo|x64.ActiveCfg = RelWithDebInfo|x64
		{B9E7E46C-4516-3175-A8AC-ACE1F1F8E487}.RelWithDebInfo|x64.Build.0 = RelWithDebInfo|x64
		{BBB15916-F467-39BE-9C00-6766A05F4FA6}.Debug|x64.ActiveCfg = Debug|x64
		{BBB15916-F467-39BE-9C00-6766A05F4FA6}.Debug|x64.Build.0 = Debug|x64
		{BBB15916-F467-39BE-9C00-6766A05F4FA6}.Release|x64.ActiveCfg = Release|x64
		{BBB15916-F467-39BE-9C00-6766A05F4FA6}.Release|x64.Build.0 = Release|x64
		{BBB15916-F467-39BE-9C00-6766A05F4FA6}.MinSizeRel|x64.ActiveCfg = MinSizeRel|x64
		{BBB15916-F467-39BE-9C00-6766A05F4FA6}.MinSizeRel|x64.Build.0 = MinSizeRel|x64
		{BBB15916-F467-39BE-9C00-6766A05F4FA6}.RelWithDebInfo|x64.ActiveCfg = RelWithDebInfo|x64
		{BBB15916-F467-39BE-9C00-6766A05F4FA6}.RelWithDebInfo|x64.Build.0 = RelWithDebInfo|x64
		{9F5F4ADB-7659-3168-B6C8-A6DCC1C3B66A}.Debug|x64.ActiveCfg = Debug|x64
		{9F5F4ADB-7659-3168-B6C8-A6DCC1C3B66A}.Debug|x64.Build.0 = Debug|x64
		{9F5F4ADB-7659-3168-B6C8-A6DCC1C3B66A}.Release|x64.ActiveCfg = Release|x64
		{9F5F4ADB-7659-3168-B6C8-A6DCC1C3B66A}.Release|x64.Build.0 = Release|x64
		{9F5F4ADB-7659-3168-B6C8-A6DCC1C3B66A}.MinSizeRel|x64.ActiveCfg = MinSizeRel|x64
		{9F5F4ADB-7659-3168-B6C8-A6DCC1C3B66A}.MinSizeRel|x64.Build.0 = MinSizeRel|x64
		{9F5F4ADB-7659-3168-B6C8-A6DCC1C3B66A}.RelWithDebInfo|x64.ActiveCfg = RelWithDebInfo|x64
		{9F5F4ADB-7659-3168-B6C8-A6DCC1C3B66A}.RelWithDebInfo|x64.Build.0 = RelWithDebInfo|x64
		{447D064B-9F72-3707-ADC1-5A863F18FDBF}.Debug|x64.ActiveCfg = Debug|x64
		{447D064B-9F72-3707-ADC1-5A863F18FDBF}.Debug|x64.Build.0 = Debug|x64
		{447D064B-9F72-3707-ADC1-5A863F18FDBF}.Release|x64.ActiveCfg = Release|x64
		{447D064B-9F72-3707-ADC1-5A863F18FDBF}.Release|x64.Build.0 = Release|x64
		{447D064B-9F72-3707-ADC1-5A863F18FDBF}.MinSizeRel|x64.ActiveCfg = MinSizeRel|x64
		{447D064B-9F72-3707-ADC1-5A863F18FDBF}.MinSizeRel|x64.Build.0 = MinSizeRel|x64
		{447D064B-9F72-3707-ADC1-5A863F18FDBF}.RelWithDebInfo|x64.ActiveCfg = RelWithDebInfo|x64
		{447D064B-9F72-3707-ADC1-5A863F18FDBF}.RelWithDebInfo|x64.Build.0 = RelWithDebInfo|x64
		{8785E291-7F68-345D-8699-700D2C06A0E7}.Debug|x64.ActiveCfg = Debug|x64
		{8785E291-7F68-345D-8699-700D2C06A0E7}.Debug|x64.Build.0 = Debug|x64
		{8785E291-7F68-345D-8699-700D2C06A0E7}.Release|x64.ActiveCfg = Release|x64
		{8785E291-7F68-345D-8699-700D2C06A0E7}.Release|x64.Build.0 = Release|x64
		{8785E291-7F68-345D-8699-700D2C06A0E7}.MinSizeRel|x64.ActiveCfg = MinSizeRel|x64
		{8785E291-7F68-345D-8699-700D2C06A0E7}.MinSizeRel|x64.Build.0 = MinSizeRel|x64
		{8785E291-7F68-345D-8699-700D2C06A0E7}.RelWithDebInfo|x64.ActiveCfg = RelWithDebInfo|x64
		{8785E291-7F68-345D-8699-700D2C06A0E7}.RelWithDebInfo|x64.Build.0 = RelWithDebInfo|x64
		{DFBF10BD-4DE7-3971-B879-05CA2B56E767}.Debug|x64.ActiveCfg = Debug|x64
		{DFBF10BD-4DE7-3971-B879-05CA2B56E767}.Debug|x64.Build.0 = Debug|x64
		{DFBF10BD-4DE7-3971-B879-05CA2B56E767}.Release|x64.ActiveCfg = Release|x64
		{DFBF10BD-4DE7-3971-B879-05CA2B56E767}.Release|x64.Build.0 = Release|x64
		{DFBF10BD-4DE7-3971-B879-05CA2B56E767}.MinSizeRel|x64.ActiveCfg = MinSizeRel|x64
		{DFBF10BD-4DE7-3971-B879-05CA2B56E767}.MinSizeRel|x64.Build.0 = MinSizeRel|x64
		{DFBF10BD-4DE7-3971-B879-05CA2B56E767}.RelWithDebInfo|x64.ActiveCfg = RelWithDebInfo|x64
		{DFBF10BD-4DE7-3971-B879-05CA2B56E767}.RelWithDebInfo|x64.Build.0 = RelWithDebInfo|x64
		{2B83C57E-6345-3BCF-9042-8727F8036570}.Debug|x64.ActiveCfg = Debug|x64
		{2B83C57E-6345-3BCF-9042-8727F8036570}.Debug|x64.Build.0 = Debug|x64
		{2B83C57E-6345-3BCF-9042-8727F8036570}.Release|x64.ActiveCfg = Release|x64
		{2B83C57E-6345-3BCF-9042-8727F8036570}.Release|x64.Build.0 = Release|x64
		{2B83C57E-6345-3BCF-9042-8727F8036570}.MinSizeRel|x64.ActiveCfg = MinSizeRel|x64
		{2B83C57E-6345-3BCF-9042-8727F8036570}.MinSizeRel|x64.Build.0 = MinSizeRel|x64
		{2B83C57E-6345-3BCF-9042-8727F8036570}.RelWithDebInfo|x64.ActiveCfg = RelWithDebInfo|x64
		{2B83C57E-6345-3BCF-9042-8727F8036570}.RelWithDebInfo|x64.Build.0 = RelWithDebInfo|x64
		{10ABCC24-2C3D-3EAB-84BD-BF64FCE47AAE}.Debug|x64.ActiveCfg = Debug|x64
		{10ABCC24-2C3D-3EAB-84BD-BF64FCE47AAE}.Debug|x64.Build.0 = Debug|x64
		{10ABCC24-2C3D-3EAB-84BD-BF64FCE47AAE}.Release|x64.ActiveCfg = Release|x64
		{10ABCC24-2C3D-3EAB-84BD-BF64FCE47AAE}.Release|x64.Build.0 = Release|x64
		{10ABCC24-2C3D-3EAB-84BD-BF64FCE47AAE}.MinSizeRel|x64.ActiveCfg = MinSizeRel|x64
		{10ABCC24-2C3D-3EAB-84BD-BF64FCE47AAE}.MinSizeRel|x64.Build.0 = MinSizeRel|x64
		{10ABCC24-2C3D-3EAB-84BD-BF64FCE47AAE}.RelWithDebInfo|x64.ActiveCfg = RelWithDebInfo|x64
		{10ABCC24-2C3D-3EAB-84BD-BF64FCE47AAE}.RelWithDebInfo|x64.Build.0 = RelWithDebInfo|x64
		{44C9137B-A191-36DD-BCCB-51B554B097A1}.Debug|x64.ActiveCfg = Debug|x64
		{44C9137B-A191-36DD-BCCB-51B554B097A1}.Debug|x64.Build.0 = Debug|x64
		{44C9137B-A191-36DD-BCCB-51B554B097A1}.Release|x64.ActiveCfg = Release|x64
		{44C9137B-A191-36DD-BCCB-51B554B097A1}.Release|x64.Build.0 = Release|x64
		{44C9137B-A191-36DD-BCCB-51B554B097A1}.MinSizeRel|x64.ActiveCfg = MinSizeRel|x64
		{44C9137B-A191-36DD-BCCB-51B554B097A1}.MinSizeRel|x64.Build.0 = MinSizeRel|x64
		{44C9137B-A191-36DD-BCCB-51B554B097A1}.RelWithDebInfo|x64.ActiveCfg = RelWithDebInfo|x64
		{44C9137B-A191-36DD-BCCB-51B554B097A1}.RelWithDebInfo|x64.Build.0 = RelWithDebInfo|x64
		{B29F110B-5AD1-32D9-96F7-611999014424}.Debug|x64.ActiveCfg = Debug|x64
		{B29F110B-5AD1-32D9-96F7-611999014424}.Debug|x64.Build.0 = Debug|x64
		{B29F110B-5AD1-32D9-96F7-611999014424}.Release|x64.ActiveCfg = Release|x64
		{B29F110B-5AD1-32D9-96F7-611999014424}.Release|x64.Build.0 = Release|x64
		{B29F110B-5AD1-32D9-96F7-611999014424}.MinSizeRel|x64.ActiveCfg = MinSizeRel|x64
		{B29F110B-5AD1-32D9-96F7-611999014424}.MinSizeRel|x64.Build.0 = MinSizeRel|x64
		{B29F110B-5AD1-32D9-96F7-611999014424}.RelWithDebInfo|x64.ActiveCfg = RelWithDebInfo|x64
		{B29F110B-5AD1-32D9-96F7-611999014424}.RelWithDebInfo|x64.Build.0 = RelWithDebInfo|x64
		{EE324AA2-F353-33BE-A9F8-A315293003C9}.Debug|x64.ActiveCfg = Debug|x64
		{EE324AA2-F353-33BE-A9F8-A315293003C9}.Debug|x64.Build.0 = Debug|x64
		{EE324AA2-F353-33BE-A9F8-A315293003C9}.Release|x64.ActiveCfg = Release|x64
		{EE324AA2-F353-33BE-A9F8-A315293003C9}.Release|x64.Build.0 = Release|x64
		{EE324AA2-F353-33BE-A9F8-A315293003C9}.MinSizeRel|x64.ActiveCfg = MinSizeRel|x64
		{EE324AA2-F353-33BE-A9F8-A315293003C9}.MinSizeRel|x64.Build.0 = MinSizeRel|x64
		{EE324AA2-F353-33BE-A9F8-A315293003C9}.RelWithDebInfo|x64.ActiveCfg = RelWithDebInfo|x64
		{EE324AA2-F353-33BE-A9F8-A315293003C9}.RelWithDebInfo|x64.Build.0 = RelWithDebInfo|x64
		{5E99E2DE-2499-3B5E-B7CC-10EFC60B0052}.Debug|x64.ActiveCfg = Debug|x64
		{5E99E2DE-2499-3B5E-B7CC-10EFC60B0052}.Debug|x64.Build.0 = Debug|x64
		{5E99E2DE-2499-3B5E-B7CC-10EFC60B0052}.Release|x64.ActiveCfg = Release|x64
		{5E99E2DE-2499-3B5E-B7CC-10EFC60B0052}.Release|x64.Build.0 = Release|x64
		{5E99E2DE-2499-3B5E-B7CC-10EFC60B0052}.MinSizeRel|x64.ActiveCfg = MinSizeRel|x64
		{5E99E2DE-2499-3B5E-B7CC-10EFC60B0052}.MinSizeRel|x64.Build.0 = MinSizeRel|x64
		{5E99E2DE-2499-3B5E-B7CC-10EFC60B0052}.RelWithDebInfo|x64.ActiveCfg = RelWithDebInfo|x64
		{5E99E2DE-2499-3B5E-B7CC-10EFC60B0052}.RelWithDebInfo|x64.Build.0 = RelWithDebInfo|x64
		{698D3496-A336-3962-81F7-FF6A9363CA77}.Debug|x64.ActiveCfg = Debug|x64
		{698D3496-A336-3962-81F7-FF6A9363CA77}.Debug|x64.Build.0 = Debug|x64
		{698D3496-A336-3962-81F7-FF6A9363CA77}.Release|x64.ActiveCfg = Release|x64
		{698D3496-A336-3962-81F7-FF6A9363CA77}.Release|x64.Build.0 = Release|x64
		{698D3496-A336-3962-81F7-FF6A9363CA77}.MinSizeRel|x64.ActiveCfg = MinSizeRel|x64
		{698D3496-A336-3962-81F7-FF6A9363CA77}.MinSizeRel|x64.Build.0 = MinSizeRel|x64
		{698D3496-A336-3962-81F7-FF6A9363CA77}.RelWithDebInfo|x64.ActiveCfg = RelWithDebInfo|x64
		{698D3496-A336-3962-81F7-FF6A9363CA77}.RelWithDebInfo|x64.Build.0 = RelWithDebInfo|x64
		{6093F909-B30B-3277-B0B1-E9682CF46F5A}.Debug|x64.ActiveCfg = Debug|x64
		{6093F909-B30B-3277-B0B1-E9682CF46F5A}.Debug|x64.Build.0 = Debug|x64
		{6093F909-B30B-3277-B0B1-E9682CF46F5A}.Release|x64.ActiveCfg = Release|x64
		{6093F909-B30B-3277-B0B1-E9682CF46F5A}.Release|x64.Build.0 = Release|x64
		{6093F909-B30B-3277-B0B1-E9682CF46F5A}.MinSizeRel|x64.ActiveCfg = MinSizeRel|x64
		{6093F909-B30B-3277-B0B1-E9682CF46F5A}.MinSizeRel|x64.Build.0 = MinSizeRel|x64
		{6093F909-B30B-3277-B0B1-E9682CF46F5A}.RelWithDebInfo|x64.ActiveCfg = RelWithDebInfo|x64
		{6093F909-B30B-3277-B0B1-E9682CF46F5A}.RelWithDebInfo|x64.Build.0 = RelWithDebInfo|x64
		{08B4423D-3874-370F-854D-1985EB7F9653}.Debug|x64.ActiveCfg = Debug|x64
		{08B4423D-3874-370F-854D-1985EB7F9653}.Debug|x64.Build.0 = Debug|x64
		{08B4423D-3874-370F-854D-1985EB7F9653}.Release|x64.ActiveCfg = Release|x64
		{08B4423D-3874-370F-854D-1985EB7F9653}.Release|x64.Build.0 = Release|x64
		{08B4423D-3874-370F-854D-1985EB7F9653}.MinSizeRel|x64.ActiveCfg = MinSizeRel|x64
		{08B4423D-3874-370F-854D-1985EB7F9653}.MinSizeRel|x64.Build.0 = MinSizeRel|x64
		{08B4423D-3874-370F-854D-1985EB7F9653}.RelWithDebInfo|x64.ActiveCfg = RelWithDebInfo|x64
		{08B4423D-3874-370F-854D-1985EB7F9653}.RelWithDebInfo|x64.Build.0 = RelWithDebInfo|x64
		{19F97EC6-F749-38C7-BD05-0F1FE118B9F6}.Debug|x64.ActiveCfg = Debug|x64
		{19F97EC6-F749-38C7-BD05-0F1FE118B9F6}.Debug|x64.Build.0 = Debug|x64
		{19F97EC6-F749-38C7-BD05-0F1FE118B9F6}.Release|x64.ActiveCfg = Release|x64
		{19F97EC6-F749-38C7-BD05-0F1FE118B9F6}.Release|x64.Build.0 = Release|x64
		{19F97EC6-F749-38C7-BD05-0F1FE118B9F6}.MinSizeRel|x64.ActiveCfg = MinSizeRel|x64
		{19F97EC6-F749-38C7-BD05-0F1FE118B9F6}.MinSizeRel|x64.Build.0 = MinSizeRel|x64
		{19F97EC6-F749-38C7-BD05-0F1FE118B9F6}.RelWithDebInfo|x64.ActiveCfg = RelWithDebInfo|x64
		{19F97EC6-F749-38C7-BD05-0F1FE118B9F6}.RelWithDebInfo|x64.Build.0 = RelWithDebInfo|x64
		{CEACEED9-647C-393D-834E-F306FA8824B5}.Debug|x64.ActiveCfg = Debug|x64
		{CEACEED9-647C-393D-834E-F306FA8824B5}.Debug|x64.Build.0 = Debug|x64
		{CEACEED9-647C-393D-834E-F306FA8824B5}.Release|x64.ActiveCfg = Release|x64
		{CEACEED9-647C-393D-834E-F306FA8824B5}.Release|x64.Build.0 = Release|x64
		{CEACEED9-647C-393D-834E-F306FA8824B5}.MinSizeRel|x64.ActiveCfg = MinSizeRel|x64
		{CEACEED9-647C-393D-834E-F306FA8824B5}.MinSizeRel|x64.Build.0 = MinSizeRel|x64
		{CEACEED9-647C-393D-834E-F306FA8824B5}.RelWithDebInfo|x64.ActiveCfg = RelWithDebInfo|x64
		{CEACEED9-647C-393D-834E-F306FA8824B5}.RelWithDebInfo|x64.Build.0 = RelWithDebInfo|x64
		{9E9E0C30-6BA5-3135-B1E8-3C44B4093BB0}.Debug|x64.ActiveCfg = Debug|x64
		{9E9E0C30-6BA5-3135-B1E8-3C44B4093BB0}.Debug|x64.Build.0 = Debug|x64
		{9E9E0C30-6BA5-3135-B1E8-3C44B4093BB0}.Release|x64.ActiveCfg = Release|x64
		{9E9E0C30-6BA5-3135-B1E8-3C44B4093BB0}.Release|x64.Build.0 = Release|x64
		{9E9E0C30-6BA5-3135-B1E8-3C44B4093BB0}.MinSizeRel|x64.ActiveCfg = MinSizeRel|x64
		{9E9E0C30-6BA5-3135-B1E8-3C44B4093BB0}.MinSizeRel|x64.Build.0 = MinSizeRel|x64
		{9E9E0C30-6BA5-3135-B1E8-3C44B4093BB0}.RelWithDebInfo|x64.ActiveCfg = RelWithDebInfo|x64
		{9E9E0C30-6BA5-3135-B1E8-3C44B4093BB0}.RelWithDebInfo|x64.Build.0 = RelWithDebInfo|x64
		{4D29D1D4-E990-3C51-BC2A-99C7C1885044}.Debug|x64.ActiveCfg = Debug|x64
		{4D29D1D4-E990-3C51-BC2A-99C7C1885044}.Debug|x64.Build.0 = Debug|x64
		{4D29D1D4-E990-3C51-BC2A-99C7C1885044}.Release|x64.ActiveCfg = Release|x64
		{4D29D1D4-E990-3C51-BC2A-99C7C1885044}.Release|x64.Build.0 = Release|x64
		{4D29D1D4-E990-3C51-BC2A-99C7C1885044}.MinSizeRel|x64.ActiveCfg = MinSizeRel|x64
		{4D29D1D4-E990-3C51-BC2A-99C7C1885044}.MinSizeRel|x64.Build.0 = MinSizeRel|x64
		{4D29D1D4-E990-3C51-BC2A-99C7C1885044}.RelWithDebInfo|x64.ActiveCfg = RelWithDebInfo|x64
		{4D29D1D4-E990-3C51-BC2A-99C7C1885044}.RelWithDebInfo|x64.Build.0 = RelWithDebInfo|x64
		{4639EC3B-AEB3-3EAC-A636-99A78CA15C54}.Debug|x64.ActiveCfg = Debug|x64
		{4639EC3B-AEB3-3EAC-A636-99A78CA15C54}.Release|x64.ActiveCfg = Release|x64
		{4639EC3B-AEB3-3EAC-A636-99A78CA15C54}.MinSizeRel|x64.ActiveCfg = MinSizeRel|x64
		{4639EC3B-AEB3-3EAC-A636-99A78CA15C54}.RelWithDebInfo|x64.ActiveCfg = RelWithDebInfo|x64
		{A3307381-AD92-3338-880D-880C0BBCA32C}.Debug|x64.ActiveCfg = Debug|x64
		{A3307381-AD92-3338-880D-880C0BBCA32C}.Debug|x64.Build.0 = Debug|x64
		{A3307381-AD92-3338-880D-880C0BBCA32C}.Release|x64.ActiveCfg = Release|x64
		{A3307381-AD92-3338-880D-880C0BBCA32C}.Release|x64.Build.0 = Release|x64
		{A3307381-AD92-3338-880D-880C0BBCA32C}.MinSizeRel|x64.ActiveCfg = MinSizeRel|x64
		{A3307381-AD92-3338-880D-880C0BBCA32C}.MinSizeRel|x64.Build.0 = MinSizeRel|x64
		{A3307381-AD92-3338-880D-880C0BBCA32C}.RelWithDebInfo|x64.ActiveCfg = RelWithDebInfo|x64
		{A3307381-AD92-3338-880D-880C0BBCA32C}.RelWithDebInfo|x64.Build.0 = RelWithDebInfo|x64
		{2C61A79C-9015-3DF7-9976-1A3933A83CEB}.Debug|x64.ActiveCfg = Debug|x64
		{2C61A79C-9015-3DF7-9976-1A3933A83CEB}.Debug|x64.Build.0 = Debug|x64
		{2C61A79C-9015-3DF7-9976-1A3933A83CEB}.Release|x64.ActiveCfg = Release|x64
		{2C61A79C-9015-3DF7-9976-1A3933A83CEB}.Release|x64.Build.0 = Release|x64
		{2C61A79C-9015-3DF7-9976-1A3933A83CEB}.MinSizeRel|x64.ActiveCfg = MinSizeRel|x64
		{2C61A79C-9015-3DF7-9976-1A3933A83CEB}.MinSizeRel|x64.Build.0 = MinSizeRel|x64
		{2C61A79C-9015-3DF7-9976-1A3933A83CEB}.RelWithDebInfo|x64.ActiveCfg = RelWithDebInfo|x64
		{2C61A79C-9015-3DF7-9976-1A3933A83CEB}.RelWithDebInfo|x64.Build.0 = RelWithDebInfo|x64
	EndGlobalSection
	GlobalSection(NestedProjects) = preSolution
		{D9B21987-A704-3DDA-B769-BD28E9AA2209} = {DB8E0473-6449-3BB2-8CA2-DCDB60B4550D}
		{A3CAE203-3DC5-31F4-86E5-57E8AE848D26} = {DB8E0473-6449-3BB2-8CA2-DCDB60B4550D}
		{67219F0E-53A1-30EF-841D-251084E45946} = {DB8E0473-6449-3BB2-8CA2-DCDB60B4550D}
		{AF5A57B8-220F-3977-8ACA-DB6309F763CF} = {36976D29-446B-38D2-9C6B-990DA4F9DA2E}
		{7C458A3A-DA3E-3E28-B866-70EDA6AC2DDE} = {36976D29-446B-38D2-9C6B-990DA4F9DA2E}
		{A05B0DE2-36B0-3CE4-9889-1C2DC6FE4F7D} = {36976D29-446B-38D2-9C6B-990DA4F9DA2E}
		{4639EC3B-AEB3-3EAC-A636-99A78CA15C54} = {36976D29-446B-38D2-9C6B-990DA4F9DA2E}
		{78B1FCC2-7547-3451-86DF-82883258B7A9} = {AF5A57B8-220F-3977-8ACA-DB6309F763CF}
		{323414A6-19AA-32D0-A40D-152C95C186D4} = {AF5A57B8-220F-3977-8ACA-DB6309F763CF}
		{B9E7E46C-4516-3175-A8AC-ACE1F1F8E487} = {AF5A57B8-220F-3977-8ACA-DB6309F763CF}
		{10ABCC24-2C3D-3EAB-84BD-BF64FCE47AAE} = {AF5A57B8-220F-3977-8ACA-DB6309F763CF}
		{B29F110B-5AD1-32D9-96F7-611999014424} = {AF5A57B8-220F-3977-8ACA-DB6309F763CF}
		{5E99E2DE-2499-3B5E-B7CC-10EFC60B0052} = {AF5A57B8-220F-3977-8ACA-DB6309F763CF}
		{698D3496-A336-3962-81F7-FF6A9363CA77} = {AF5A57B8-220F-3977-8ACA-DB6309F763CF}
		{6093F909-B30B-3277-B0B1-E9682CF46F5A} = {AF5A57B8-220F-3977-8ACA-DB6309F763CF}
		{A3307381-AD92-3338-880D-880C0BBCA32C} = {AF5A57B8-220F-3977-8ACA-DB6309F763CF}
		{3092C199-39B6-30BA-AA0F-BB2B9976C544} = {7C458A3A-DA3E-3E28-B866-70EDA6AC2DDE}
		{23C70280-510E-31BE-B4A6-95541FE248D9} = {7C458A3A-DA3E-3E28-B866-70EDA6AC2DDE}
		{6012CB4C-06FA-36B0-AD1F-E04328816989} = {7C458A3A-DA3E-3E28-B866-70EDA6AC2DDE}
		{AC9B0DC7-66BE-3093-8D3F-F4F592E818F3} = {7C458A3A-DA3E-3E28-B866-70EDA6AC2DDE}
		{E3C456B7-510D-3A8E-AB77-2ED84F564965} = {7C458A3A-DA3E-3E28-B866-70EDA6AC2DDE}
		{39BAE650-74EE-3BD2-B87C-FEE282822F58} = {7C458A3A-DA3E-3E28-B866-70EDA6AC2DDE}
		{BBB15916-F467-39BE-9C00-6766A05F4FA6} = {7C458A3A-DA3E-3E28-B866-70EDA6AC2DDE}
		{9F5F4ADB-7659-3168-B6C8-A6DCC1C3B66A} = {7C458A3A-DA3E-3E28-B866-70EDA6AC2DDE}
		{447D064B-9F72-3707-ADC1-5A863F18FDBF} = {7C458A3A-DA3E-3E28-B866-70EDA6AC2DDE}
		{8785E291-7F68-345D-8699-700D2C06A0E7} = {7C458A3A-DA3E-3E28-B866-70EDA6AC2DDE}
		{DFBF10BD-4DE7-3971-B879-05CA2B56E767} = {7C458A3A-DA3E-3E28-B866-70EDA6AC2DDE}
		{2B83C57E-6345-3BCF-9042-8727F8036570} = {7C458A3A-DA3E-3E28-B866-70EDA6AC2DDE}
		{44C9137B-A191-36DD-BCCB-51B554B097A1} = {7C458A3A-DA3E-3E28-B866-70EDA6AC2DDE}
		{EE324AA2-F353-33BE-A9F8-A315293003C9} = {7C458A3A-DA3E-3E28-B866-70EDA6AC2DDE}
		{08B4423D-3874-370F-854D-1985EB7F9653} = {7C458A3A-DA3E-3E28-B866-70EDA6AC2DDE}
		{19F97EC6-F749-38C7-BD05-0F1FE118B9F6} = {7C458A3A-DA3E-3E28-B866-70EDA6AC2DDE}
		{CEACEED9-647C-393D-834E-F306FA8824B5} = {7C458A3A-DA3E-3E28-B866-70EDA6AC2DDE}
		{9E9E0C30-6BA5-3135-B1E8-3C44B4093BB0} = {7C458A3A-DA3E-3E28-B866-70EDA6AC2DDE}
		{4D29D1D4-E990-3C51-BC2A-99C7C1885044} = {7C458A3A-DA3E-3E28-B866-70EDA6AC2DDE}
		{2C61A79C-9015-3DF7-9976-1A3933A83CEB} = {7C458A3A-DA3E-3E28-B866-70EDA6AC2DDE}
	EndGlobalSection
	GlobalSection(ExtensibilityGlobals) = postSolution
		SolutionGuid = {3CFD470D-2210-3B7C-A393-9225441B02B7}
	EndGlobalSection
	GlobalSection(ExtensibilityAddIns) = postSolution
	EndGlobalSection
EndGlobal
